// !$*UTF8*$!
{
	archiveVersion = 1;
	classes = {
	};
	objectVersion = 46;
	objects = {

/* Begin PBXBuildFile section */
		F84A0B8717DC6EB2003ECE21 /* UIKit.framework in Frameworks */ = {isa = PBXBuildFile; fileRef = F84A0B8617DC6EB2003ECE21 /* UIKit.framework */; };
		F84A0B8917DC6EB2003ECE21 /* Foundation.framework in Frameworks */ = {isa = PBXBuildFile; fileRef = F84A0B8817DC6EB2003ECE21 /* Foundation.framework */; };
		F84A0B8B17DC6EB2003ECE21 /* CoreGraphics.framework in Frameworks */ = {isa = PBXBuildFile; fileRef = F84A0B8A17DC6EB2003ECE21 /* CoreGraphics.framework */; };
		F84A0B9117DC6EB2003ECE21 /* InfoPlist.strings in Resources */ = {isa = PBXBuildFile; fileRef = F84A0B8F17DC6EB2003ECE21 /* InfoPlist.strings */; };
		F84A0B9317DC6EB2003ECE21 /* main.m in Sources */ = {isa = PBXBuildFile; fileRef = F84A0B9217DC6EB2003ECE21 /* main.m */; };
		F84A0B9717DC6EB2003ECE21 /* RL8X69KVKTAppDelegate.m in Sources */ = {isa = PBXBuildFile; fileRef = F84A0B9617DC6EB2003ECE21 /* RL8X69KVKTAppDelegate.m */; };
		F84A0B9917DC6EB2003ECE21 /* Default.png in Resources */ = {isa = PBXBuildFile; fileRef = F84A0B9817DC6EB2003ECE21 /* Default.png */; };
		F84A0B9B17DC6EB2003ECE21 /* Default@2x.png in Resources */ = {isa = PBXBuildFile; fileRef = F84A0B9A17DC6EB2003ECE21 /* Default@2x.png */; };
		F84A0B9D17DC6EB2003ECE21 /* Default-568h@2x.png in Resources */ = {isa = PBXBuildFile; fileRef = F84A0B9C17DC6EB2003ECE21 /* Default-568h@2x.png */; };
/* End PBXBuildFile section */

/* Begin PBXFileReference section */
		F84A0B8317DC6EB2003ECE21 /* WhoisThis?.app */ = {isa = PBXFileReference; explicitFileType = wrapper.application; includeInIndex = 0; path = "WhoisThis?.app"; sourceTree = BUILT_PRODUCTS_DIR; };
		F84A0B8617DC6EB2003ECE21 /* UIKit.framework */ = {isa = PBXFileReference; lastKnownFileType = wrapper.framework; name = UIKit.framework; path = System/Library/Frameworks/UIKit.framework; sourceTree = SDKROOT; };
		F84A0B8817DC6EB2003ECE21 /* Foundation.framework */ = {isa = PBXFileReference; lastKnownFileType = wrapper.framework; name = Foundation.framework; path = System/Library/Frameworks/Foundation.framework; sourceTree = SDKROOT; };
		F84A0B8A17DC6EB2003ECE21 /* CoreGraphics.framework */ = {isa = PBXFileReference; lastKnownFileType = wrapper.framework; name = CoreGraphics.framework; path = System/Library/Frameworks/CoreGraphics.framework; sourceTree = SDKROOT; };
		F84A0B8E17DC6EB2003ECE21 /* WhoisThis?-Info.plist */ = {isa = PBXFileReference; lastKnownFileType = text.plist.xml; path = "WhoisThis?-Info.plist"; sourceTree = "<group>"; };
		F84A0B9017DC6EB2003ECE21 /* en */ = {isa = PBXFileReference; lastKnownFileType = text.plist.strings; name = en; path = en.lproj/InfoPlist.strings; sourceTree = "<group>"; };
		F84A0B9217DC6EB2003ECE21 /* main.m */ = {isa = PBXFileReference; lastKnownFileType = sourcecode.c.objc; path = main.m; sourceTree = "<group>"; };
		F84A0B9417DC6EB2003ECE21 /* WhoisThis?-Prefix.pch */ = {isa = PBXFileReference; lastKnownFileType = sourcecode.c.h; path = "WhoisThis?-Prefix.pch"; sourceTree = "<group>"; };
		F84A0B9517DC6EB2003ECE21 /* RL8X69KVKTAppDelegate.h */ = {isa = PBXFileReference; lastKnownFileType = sourcecode.c.h; path = RL8X69KVKTAppDelegate.h; sourceTree = "<group>"; };
		F84A0B9617DC6EB2003ECE21 /* RL8X69KVKTAppDelegate.m */ = {isa = PBXFileReference; lastKnownFileType = sourcecode.c.objc; path = RL8X69KVKTAppDelegate.m; sourceTree = "<group>"; };
		F84A0B9817DC6EB2003ECE21 /* Default.png */ = {isa = PBXFileReference; lastKnownFileType = image.png; path = Default.png; sourceTree = "<group>"; };
		F84A0B9A17DC6EB2003ECE21 /* Default@2x.png */ = {isa = PBXFileReference; lastKnownFileType = image.png; path = "Default@2x.png"; sourceTree = "<group>"; };
		F84A0B9C17DC6EB2003ECE21 /* Default-568h@2x.png */ = {isa = PBXFileReference; lastKnownFileType = image.png; path = "Default-568h@2x.png"; sourceTree = "<group>"; };
/* End PBXFileReference section */

/* Begin PBXFrameworksBuildPhase section */
		F84A0B8017DC6EB2003ECE21 /* Frameworks */ = {
			isa = PBXFrameworksBuildPhase;
			buildActionMask = 2147483647;
			files = (
				F84A0B8717DC6EB2003ECE21 /* UIKit.framework in Frameworks */,
				F84A0B8917DC6EB2003ECE21 /* Foundation.framework in Frameworks */,
				F84A0B8B17DC6EB2003ECE21 /* CoreGraphics.framework in Frameworks */,
			);
			runOnlyForDeploymentPostprocessing = 0;
		};
/* End PBXFrameworksBuildPhase section */

/* Begin PBXGroup section */
		F84A0B7A17DC6EB2003ECE21 = {
			isa = PBXGroup;
			children = (
				F84A0B8C17DC6EB2003ECE21 /* WhoisThis? */,
				F84A0B8517DC6EB2003ECE21 /* Frameworks */,
				F84A0B8417DC6EB2003ECE21 /* Products */,
			);
			sourceTree = "<group>";
		};
		F84A0B8417DC6EB2003ECE21 /* Products */ = {
			isa = PBXGroup;
			children = (
				F84A0B8317DC6EB2003ECE21 /* WhoisThis?.app */,
			);
			name = Products;
			sourceTree = "<group>";
		};
		F84A0B8517DC6EB2003ECE21 /* Frameworks */ = {
			isa = PBXGroup;
			children = (
				F84A0B8617DC6EB2003ECE21 /* UIKit.framework */,
				F84A0B8817DC6EB2003ECE21 /* Foundation.framework */,
				F84A0B8A17DC6EB2003ECE21 /* CoreGraphics.framework */,
			);
			name = Frameworks;
			sourceTree = "<group>";
		};
		F84A0B8C17DC6EB2003ECE21 /* WhoisThis? */ = {
			isa = PBXGroup;
			children = (
				F84A0B9517DC6EB2003ECE21 /* RL8X69KVKTAppDelegate.h */,
				F84A0B9617DC6EB2003ECE21 /* RL8X69KVKTAppDelegate.m */,
				F84A0B8D17DC6EB2003ECE21 /* Supporting Files */,
			);
			path = "WhoisThis?";
			sourceTree = "<group>";
		};
		F84A0B8D17DC6EB2003ECE21 /* Supporting Files */ = {
			isa = PBXGroup;
			children = (
				F84A0B8E17DC6EB2003ECE21 /* WhoisThis?-Info.plist */,
				F84A0B8F17DC6EB2003ECE21 /* InfoPlist.strings */,
				F84A0B9217DC6EB2003ECE21 /* main.m */,
				F84A0B9417DC6EB2003ECE21 /* WhoisThis?-Prefix.pch */,
				F84A0B9817DC6EB2003ECE21 /* Default.png */,
				F84A0B9A17DC6EB2003ECE21 /* Default@2x.png */,
				F84A0B9C17DC6EB2003ECE21 /* Default-568h@2x.png */,
			);
			name = "Supporting Files";
			sourceTree = "<group>";
		};
/* End PBXGroup section */

/* Begin PBXNativeTarget section */
		F84A0B8217DC6EB2003ECE21 /* WhoisThis? */ = {
			isa = PBXNativeTarget;
			buildConfigurationList = F84A0BA017DC6EB2003ECE21 /* Build configuration list for PBXNativeTarget "WhoisThis?" */;
			buildPhases = (
				F84A0B7F17DC6EB2003ECE21 /* Sources */,
				F84A0B8017DC6EB2003ECE21 /* Frameworks */,
				F84A0B8117DC6EB2003ECE21 /* Resources */,
			);
			buildRules = (
			);
			dependencies = (
			);
			name = "WhoisThis?";
			productName = "WhoisThis?";
			productReference = F84A0B8317DC6EB2003ECE21 /* WhoisThis?.app */;
			productType = "com.apple.product-type.application";
		};
/* End PBXNativeTarget section */

/* Begin PBXProject section */
		F84A0B7B17DC6EB2003ECE21 /* Project object */ = {
			isa = PBXProject;
			attributes = {
				CLASSPREFIX = RL8X69KVKT;
				LastUpgradeCheck = 0460;
				ORGANIZATIONNAME = iAppear;
			};
			buildConfigurationList = F84A0B7E17DC6EB2003ECE21 /* Build configuration list for PBXProject "WhoisThis?" */;
			compatibilityVersion = "Xcode 3.2";
			developmentRegion = English;
			hasScannedForEncodings = 0;
			knownRegions = (
				en,
			);
			mainGroup = F84A0B7A17DC6EB2003ECE21;
			productRefGroup = F84A0B8417DC6EB2003ECE21 /* Products */;
			projectDirPath = "";
			projectRoot = "";
			targets = (
				F84A0B8217DC6EB2003ECE21 /* WhoisThis? */,
			);
		};
/* End PBXProject section */

/* Begin PBXResourcesBuildPhase section */
		F84A0B8117DC6EB2003ECE21 /* Resources */ = {
			isa = PBXResourcesBuildPhase;
			buildActionMask = 2147483647;
			files = (
				F84A0B9117DC6EB2003ECE21 /* InfoPlist.strings in Resources */,
				F84A0B9917DC6EB2003ECE21 /* Default.png in Resources */,
				F84A0B9B17DC6EB2003ECE21 /* Default@2x.png in Resources */,
				F84A0B9D17DC6EB2003ECE21 /* Default-568h@2x.png in Resources */,
			);
			runOnlyForDeploymentPostprocessing = 0;
		};
/* End PBXResourcesBuildPhase section */

/* Begin PBXSourcesBuildPhase section */
		F84A0B7F17DC6EB2003ECE21 /* Sources */ = {
			isa = PBXSourcesBuildPhase;
			buildActionMask = 2147483647;
			files = (
				F84A0B9317DC6EB2003ECE21 /* main.m in Sources */,
				F84A0B9717DC6EB2003ECE21 /* RL8X69KVKTAppDelegate.m in Sources */,
			);
			runOnlyForDeploymentPostprocessing = 0;
		};
/* End PBXSourcesBuildPhase section */

/* Begin PBXVariantGroup section */
		F84A0B8F17DC6EB2003ECE21 /* InfoPlist.strings */ = {
			isa = PBXVariantGroup;
			children = (
				F84A0B9017DC6EB2003ECE21 /* en */,
			);
			name = InfoPlist.strings;
			sourceTree = "<group>";
		};
/* End PBXVariantGroup section */

/* Begin XCBuildConfiguration section */
		F84A0B9E17DC6EB2003ECE21 /* Debug */ = {
			isa = XCBuildConfiguration;
			buildSettings = {
				ALWAYS_SEARCH_USER_PATHS = NO;
				CLANG_CXX_LANGUAGE_STANDARD = "gnu++0x";
				CLANG_CXX_LIBRARY = "libc++";
				CLANG_WARN_CONSTANT_CONVERSION = YES;
				CLANG_WARN_EMPTY_BODY = YES;
				CLANG_WARN_ENUM_CONVERSION = YES;
				CLANG_WARN_INT_CONVERSION = YES;
				CLANG_WARN__DUPLICATE_METHOD_MATCH = YES;
				"CODE_SIGN_IDENTITY[sdk=iphoneos*]" = "iPhone Developer";
				COPY_PHASE_STRIP = NO;
				GCC_C_LANGUAGE_STANDARD = gnu99;
				GCC_DYNAMIC_NO_PIC = NO;
				GCC_OPTIMIZATION_LEVEL = 0;
				GCC_PREPROCESSOR_DEFINITIONS = (
					"DEBUG=1",
					"$(inherited)",
				);
				GCC_SYMBOLS_PRIVATE_EXTERN = NO;
				GCC_WARN_ABOUT_RETURN_TYPE = YES;
				GCC_WARN_UNINITIALIZED_AUTOS = YES;
				GCC_WARN_UNUSED_VARIABLE = YES;
				IPHONEOS_DEPLOYMENT_TARGET = 6.1;
				ONLY_ACTIVE_ARCH = YES;
				SDKROOT = iphoneos;
				TARGETED_DEVICE_FAMILY = "1,2";
			};
			name = Debug;
		};
		F84A0B9F17DC6EB2003ECE21 /* Release */ = {
			isa = XCBuildConfiguration;
			buildSettings = {
				ALWAYS_SEARCH_USER_PATHS = NO;
				CLANG_CXX_LANGUAGE_STANDARD = "gnu++0x";
				CLANG_CXX_LIBRARY = "libc++";
				CLANG_WARN_CONSTANT_CONVERSION = YES;
				CLANG_WARN_EMPTY_BODY = YES;
				CLANG_WARN_ENUM_CONVERSION = YES;
				CLANG_WARN_INT_CONVERSION = YES;
				CLANG_WARN__DUPLICATE_METHOD_MATCH = YES;
				"CODE_SIGN_IDENTITY[sdk=iphoneos*]" = "iPhone Developer";
				COPY_PHASE_STRIP = YES;
				GCC_C_LANGUAGE_STANDARD = gnu99;
				GCC_WARN_ABOUT_RETURN_TYPE = YES;
				GCC_WARN_UNINITIALIZED_AUTOS = YES;
				GCC_WARN_UNUSED_VARIABLE = YES;
				IPHONEOS_DEPLOYMENT_TARGET = 6.1;
				OTHER_CFLAGS = "-DNS_BLOCK_ASSERTIONS=1";
				SDKROOT = iphoneos;
				TARGETED_DEVICE_FAMILY = "1,2";
				VALIDATE_PRODUCT = YES;
			};
			name = Release;
		};
		F84A0BA117DC6EB2003ECE21 /* Debug */ = {
			isa = XCBuildConfiguration;
			buildSettings = {
				GCC_PRECOMPILE_PREFIX_HEADER = YES;
				GCC_PREFIX_HEADER = "WhoisThis?/WhoisThis?-Prefix.pch";
				INFOPLIST_FILE = "WhoisThis?/WhoisThis?-Info.plist";
				PRODUCT_NAME = "$(TARGET_NAME)";
				WRAPPER_EXTENSION = app;
			};
			name = Debug;
		};
		F84A0BA217DC6EB2003ECE21 /* Release */ = {
			isa = XCBuildConfiguration;
			buildSettings = {
				GCC_PRECOMPILE_PREFIX_HEADER = YES;
				GCC_PREFIX_HEADER = "WhoisThis?/WhoisThis?-Prefix.pch";
				INFOPLIST_FILE = "WhoisThis?/WhoisThis?-Info.plist";
				PRODUCT_NAME = "$(TARGET_NAME)";
				WRAPPER_EXTENSION = app;
			};
			name = Release;
		};
/* End XCBuildConfiguration section */

/* Begin XCConfigurationList section */
		F84A0B7E17DC6EB2003ECE21 /* Build configuration list for PBXProject "WhoisThis?" */ = {
			isa = XCConfigurationList;
			buildConfigurations = (
				F84A0B9E17DC6EB2003ECE21 /* Debug */,
				F84A0B9F17DC6EB2003ECE21 /* Release */,
			);
			defaultConfigurationIsVisible = 0;
			defaultConfigurationName = Release;
		};
		F84A0BA017DC6EB2003ECE21 /* Build configuration list for PBXNativeTarget "WhoisThis?" */ = {
			isa = XCConfigurationList;
			buildConfigurations = (
				F84A0BA117DC6EB2003ECE21 /* Debug */,
				F84A0BA217DC6EB2003ECE21 /* Release */,
			);
			defaultConfigurationIsVisible = 0;
		};
/* End XCConfigurationList section */
	};
	rootObject = F84A0B7B17DC6EB2003ECE21 /* Project object */;
}
